// !$*UTF8*$!
{
	archiveVersion = 1;
	classes = {
	};
	objectVersion = 77;
	objects = {

/* Begin PBXBuildFile section */
		554C05852FF51CA40023C4B0 /* ContentView.swift in Sources */ = {isa = PBXBuildFile; fileRef = 554C05832FF51CA40023C4B0 /* ContentView.swift */; };
		55A076F12FFBD60000BB0240 /* Testing.md in Resources */ = {isa = PBXBuildFile; fileRef = 55A076EF2FFBD60000BB0240 /* Testing.md */; };
		55A076F22FFBD60000BB0240 /* ADR-004-TestingStrategy.md in Resources */ = {isa = PBXBuildFile; fileRef = 55A076E82FFBD60000BB0240 /* ADR-004-TestingStrategy.md */; };
		55A076F32FFBD60000BB0240 /* ADR-003-DependencyInjection.md in Resources */ = {isa = PBXBuildFile; fileRef = 55A076E72FFBD60000BB0240 /* ADR-003-DependencyInjection.md */; };
		55A076F42FFBD60000BB0240 /* FolderStructure.md in Resources */ = {isa = PBXBuildFile; fileRef = 55A076EC2FFBD60000BB0240 /* FolderStructure.md */; };
		55A076F52FFBD60000BB0240 /* ADR-001-Endpoint.md in Resources */ = {isa = PBXBuildFile; fileRef = 55A076E52FFBD60000BB0240 /* ADR-001-Endpoint.md */; };
		55A076F62FFBD60000BB0240 /* InterviewGuide.md in Resources */ = {isa = PBXBuildFile; fileRef = 55A076ED2FFBD60000BB0240 /* InterviewGuide.md */; };
		55A076F72FFBD60000BB0240 /* Networking.md in Resources */ = {isa = PBXBuildFile; fileRef = 55A076EE2FFBD60000BB0240 /* Networking.md */; };
		55A076F82FFBD60000BB0240 /* Architecture.md in Resources */ = {isa = PBXBuildFile; fileRef = 55A076EB2FFBD60000BB0240 /* Architecture.md */; };
		55A076F92FFBD60000BB0240 /* ADR-002-RequestBuilder.md in Resources */ = {isa = PBXBuildFile; fileRef = 55A076E62FFBD60000BB0240 /* ADR-002-RequestBuilder.md */; };
		55A076FA2FFBD60000BB0240 /* README.md in Resources */ = {isa = PBXBuildFile; fileRef = 55A076E92FFBD60000BB0240 /* README.md */; };
/* End PBXBuildFile section */

/* Begin PBXContainerItemProxy section */
		55805F782FD80C9F0025C3A2 /* PBXContainerItemProxy */ = {
			isa = PBXContainerItemProxy;
			containerPortal = 55805F622FD80C9C0025C3A2 /* Project object */;
			proxyType = 1;
			remoteGlobalIDString = 55805F692FD80C9C0025C3A2;
			remoteInfo = BankingApp;
		};
		55805F822FD80CA00025C3A2 /* PBXContainerItemProxy */ = {
			isa = PBXContainerItemProxy;
			containerPortal = 55805F622FD80C9C0025C3A2 /* Project object */;
			proxyType = 1;
			remoteGlobalIDString = 55805F692FD80C9C0025C3A2;
			remoteInfo = BankingApp;
		};
/* End PBXContainerItemProxy section */

/* Begin PBXFileReference section */
		5515762B2FEEC66B00A1405C /* README.md */ = {isa = PBXFileReference; lastKnownFileType = net.daringfireball.markdown; name = README.md; path = ../README.md; sourceTree = SOURCE_ROOT; };
		554C05832FF51CA40023C4B0 /* ContentView.swift */ = {isa = PBXFileReference; lastKnownFileType = sourcecode.swift; path = ContentView.swift; sourceTree = "<group>"; };
		55805F6A2FD80C9C0025C3A2 /* BankingApp.app */ = {isa = PBXFileReference; explicitFileType = wrapper.application; includeInIndex = 0; path = BankingApp.app; sourceTree = BUILT_PRODUCTS_DIR; };
		55805F772FD80C9F0025C3A2 /* BankingAppTests.xctest */ = {isa = PBXFileReference; explicitFileType = wrapper.cfbundle; includeInIndex = 0; path = BankingAppTests.xctest; sourceTree = BUILT_PRODUCTS_DIR; };
		55805F812FD80C9F0025C3A2 /* BankingAppUITests.xctest */ = {isa = PBXFileReference; explicitFileType = wrapper.cfbundle; includeInIndex = 0; path = BankingAppUITests.xctest; sourceTree = BUILT_PRODUCTS_DIR; };
		55A076E52FFBD60000BB0240 /* ADR-001-Endpoint.md */ = {isa = PBXFileReference; lastKnownFileType = net.daringfireball.markdown; path = "ADR-001-Endpoint.md"; sourceTree = "<group>"; };
		55A076E62FFBD60000BB0240 /* ADR-002-RequestBuilder.md */ = {isa = PBXFileReference; lastKnownFileType = net.daringfireball.markdown; path = "ADR-002-RequestBuilder.md"; sourceTree = "<group>"; };
		55A076E72FFBD60000BB0240 /* ADR-003-DependencyInjection.md */ = {isa = PBXFileReference; lastKnownFileType = net.daringfireball.markdown; path = "ADR-003-DependencyInjection.md"; sourceTree = "<group>"; };
		55A076E82FFBD60000BB0240 /* ADR-004-TestingStrategy.md */ = {isa = PBXFileReference; lastKnownFileType = net.daringfireball.markdown; path = "ADR-004-TestingStrategy.md"; sourceTree = "<group>"; };
		55A076E92FFBD60000BB0240 /* README.md */ = {isa = PBXFileReference; lastKnownFileType = net.daringfireball.markdown; path = README.md; sourceTree = "<group>"; };
		55A076EB2FFBD60000BB0240 /* Architecture.md */ = {isa = PBXFileReference; lastKnownFileType = net.daringfireball.markdown; path = Architecture.md; sourceTree = "<group>"; };
		55A076EC2FFBD60000BB0240 /* FolderStructure.md */ = {isa = PBXFileReference; lastKnownFileType = net.daringfireball.markdown; path = FolderStructure.md; sourceTree = "<group>"; };
		55A076ED2FFBD60000BB0240 /* InterviewGuide.md */ = {isa = PBXFileReference; lastKnownFileType = net.daringfireball.markdown; path = InterviewGuide.md; sourceTree = "<group>"; };
		55A076EE2FFBD60000BB0240 /* Networking.md */ = {isa = PBXFileReference; lastKnownFileType = net.daringfireball.markdown; path = Networking.md; sourceTree = "<group>"; };
		55A076EF2FFBD60000BB0240 /* Testing.md */ = {isa = PBXFileReference; lastKnownFileType = net.daringfireball.markdown; path = Testing.md; sourceTree = "<group>"; };
/* End PBXFileReference section */

/* Begin PBXFileSystemSynchronizedBuildFileExceptionSet section */
		554C052A2FF3E96B0023C4B0 /* Exceptions for "Infrastructure" folder in "BankingApp" target */ = {
			isa = PBXFileSystemSynchronizedBuildFileExceptionSet;
			membershipExceptions = (
				Networking/README.md,
			);
			target = 55805F692FD80C9C0025C3A2 /* BankingApp */;
		};
/* End PBXFileSystemSynchronizedBuildFileExceptionSet section */

/* Begin PBXFileSystemSynchronizedRootGroup section */
		551576082FEEC2B300A1405C /* App */ = {
			isa = PBXFileSystemSynchronizedRootGroup;
			path = App;
			sourceTree = "<group>";
		};
		551576092FEEC2B600A1405C /* Composition */ = {
			isa = PBXFileSystemSynchronizedRootGroup;
			path = Composition;
			sourceTree = "<group>";
		};
		5515760A2FEEC2C100A1405C /* Features */ = {
			isa = PBXFileSystemSynchronizedRootGroup;
			path = Features;
			sourceTree = "<group>";
		};
		5515760B2FEEC2CA00A1405C /* Domain */ = {
			isa = PBXFileSystemSynchronizedRootGroup;
			path = Domain;
			sourceTree = "<group>";
		};
		5515760C2FEEC2D000A1405C /* Data */ = {
			isa = PBXFileSystemSynchronizedRootGroup;
			path = Data;
			sourceTree = "<group>";
		};
		5515760D2FEEC2D600A1405C /* Infrastructure */ = {
			isa = PBXFileSystemSynchronizedRootGroup;
			exceptions = (
				554C052A2FF3E96B0023C4B0 /* Exceptions for "Infrastructure" folder in "BankingApp" target */,
			);
			path = Infrastructure;
			sourceTree = "<group>";
		};
		5515760E2FEEC2E100A1405C /* Platform */ = {
			isa = PBXFileSystemSynchronizedRootGroup;
			path = Platform;
			sourceTree = "<group>";
		};
		5515760F2FEEC2E700A1405C /* Resources */ = {
			isa = PBXFileSystemSynchronizedRootGroup;
			path = Resources;
			sourceTree = "<group>";
		};
		551576102FEEC2EF00A1405C /* SupportingFiles */ = {
			isa = PBXFileSystemSynchronizedRootGroup;
			path = SupportingFiles;
			sourceTree = "<group>";
		};
		55805F6C2FD80C9C0025C3A2 /* BankingApp */ = {
			isa = PBXFileSystemSynchronizedRootGroup;
			path = BankingApp;
			sourceTree = "<group>";
		};
		55805F7A2FD80C9F0025C3A2 /* BankingAppTests */ = {
			isa = PBXFileSystemSynchronizedRootGroup;
			path = BankingAppTests;
			sourceTree = "<group>";
		};
/* End PBXFileSystemSynchronizedRootGroup section */

/* Begin PBXFrameworksBuildPhase section */
		55805F672FD80C9C0025C3A2 /* Frameworks */ = {
			isa = PBXFrameworksBuildPhase;
			buildActionMask = 2147483647;
			files = (
			);
			runOnlyForDeploymentPostprocessing = 0;
		};
		55805F742FD80C9F0025C3A2 /* Frameworks */ = {
			isa = PBXFrameworksBuildPhase;
			buildActionMask = 2147483647;
			files = (
			);
			runOnlyForDeploymentPostprocessing = 0;
		};
		55805F7E2FD80C9F0025C3A2 /* Frameworks */ = {
			isa = PBXFrameworksBuildPhase;
			buildActionMask = 2147483647;
			files = (
			);
			runOnlyForDeploymentPostprocessing = 0;
		};
/* End PBXFrameworksBuildPhase section */

/* Begin PBXGroup section */
		55805F612FD80C9C0025C3A2 = {
			isa = PBXGroup;
			children = (
				554C05832FF51CA40023C4B0 /* ContentView.swift */,
				551576082FEEC2B300A1405C /* App */,
				551576092FEEC2B600A1405C /* Composition */,
				5515760A2FEEC2C100A1405C /* Features */,
				5515760B2FEEC2CA00A1405C /* Domain */,
				5515760C2FEEC2D000A1405C /* Data */,
				5515760D2FEEC2D600A1405C /* Infrastructure */,
				5515760E2FEEC2E100A1405C /* Platform */,
				5515760F2FEEC2E700A1405C /* Resources */,
				551576102FEEC2EF00A1405C /* SupportingFiles */,
				55805F6C2FD80C9C0025C3A2 /* BankingApp */,
				55805F7A2FD80C9F0025C3A2 /* BankingAppTests */,
				55805F6B2FD80C9C0025C3A2 /* Products */,
				5515762B2FEEC66B00A1405C /* README.md */,
				55A076F02FFBD60000BB0240 /* Documentation */,
			);
			sourceTree = "<group>";
		};
		55805F6B2FD80C9C0025C3A2 /* Products */ = {
			isa = PBXGroup;
			children = (
				55805F6A2FD80C9C0025C3A2 /* BankingApp.app */,
				55805F772FD80C9F0025C3A2 /* BankingAppTests.xctest */,
				55805F812FD80C9F0025C3A2 /* BankingAppUITests.xctest */,
			);
			name = Products;
			sourceTree = "<group>";
		};
		55A076EA2FFBD60000BB0240 /* ADR */ = {
			isa = PBXGroup;
			children = (
				55A076E52FFBD60000BB0240 /* ADR-001-Endpoint.md */,
				55A076E62FFBD60000BB0240 /* ADR-002-RequestBuilder.md */,
				55A076E72FFBD60000BB0240 /* ADR-003-DependencyInjection.md */,
				55A076E82FFBD60000BB0240 /* ADR-004-TestingStrategy.md */,
				55A076E92FFBD60000BB0240 /* README.md */,
			);
			path = ADR;
			sourceTree = "<group>";
		};
		55A076F02FFBD60000BB0240 /* Documentation */ = {
			isa = PBXGroup;
			children = (
				55A076EA2FFBD60000BB0240 /* ADR */,
				55A076EB2FFBD60000BB0240 /* Architecture.md */,
				55A076EC2FFBD60000BB0240 /* FolderStructure.md */,
				55A076ED2FFBD60000BB0240 /* InterviewGuide.md */,
				55A076EE2FFBD60000BB0240 /* Networking.md */,
				55A076EF2FFBD60000BB0240 /* Testing.md */,
			);
			name = Documentation;
			path = ../Documentation;
			sourceTree = SOURCE_ROOT;
		};
/* End PBXGroup section */

/* Begin PBXNativeTarget section */
		55805F692FD80C9C0025C3A2 /* BankingApp */ = {
			isa = PBXNativeTarget;
			buildConfigurationList = 55805F8B2FD80CA00025C3A2 /* Build configuration list for PBXNativeTarget "BankingApp" */;
			buildPhases = (
				55805F662FD80C9C0025C3A2 /* Sources */,
				55805F672FD80C9C0025C3A2 /* Frameworks */,
				55805F682FD80C9C0025C3A2 /* Resources */,
			);
			buildRules = (
			);
			dependencies = (
			);
			fileSystemSynchronizedGroups = (
				551576082FEEC2B300A1405C /* App */,
				551576092FEEC2B600A1405C /* Composition */,
				5515760A2FEEC2C100A1405C /* Features */,
				5515760B2FEEC2CA00A1405C /* Domain */,
				5515760C2FEEC2D000A1405C /* Data */,
				5515760D2FEEC2D600A1405C /* Infrastructure */,
				5515760E2FEEC2E100A1405C /* Platform */,
				5515760F2FEEC2E700A1405C /* Resources */,
				551576102FEEC2EF00A1405C /* SupportingFiles */,
				55805F6C2FD80C9C0025C3A2 /* BankingApp */,
			);
			name = BankingApp;
			packageProductDependencies = (
			);
			productName = BankingApp;
			productReference = 55805F6A2FD80C9C0025C3A2 /* BankingApp.app */;
			productType = "com.apple.product-type.application";
		};
		55805F762FD80C9F0025C3A2 /* BankingAppTests */ = {
			isa = PBXNativeTarget;
			buildConfigurationList = 55805F8E2FD80CA00025C3A2 /* Build configuration list for PBXNativeTarget "BankingAppTests" */;
			buildPhases = (
				55805F732FD80C9F0025C3A2 /* Sources */,
				55805F742FD80C9F0025C3A2 /* Frameworks */,
				55805F752FD80C9F0025C3A2 /* Resources */,
			);
			buildRules = (
			);
			dependencies = (
				55805F792FD80C9F0025C3A2 /* PBXTargetDependency */,
			);
			fileSystemSynchronizedGroups = (
				55805F7A2FD80C9F0025C3A2 /* BankingAppTests */,
			);
			name = BankingAppTests;
			packageProductDependencies = (
			);
			productName = BankingAppTests;
			productReference = 55805F772FD80C9F0025C3A2 /* BankingAppTests.xctest */;
			productType = "com.apple.product-type.bundle.unit-test";
		};
		55805F802FD80C9F0025C3A2 /* BankingAppUITests */ = {
			isa = PBXNativeTarget;
			buildConfigurationList = 55805F912FD80CA00025C3A2 /* Build configuration list for PBXNativeTarget "BankingAppUITests" */;
			buildPhases = (
				55805F7D2FD80C9F0025C3A2 /* Sources */,
				55805F7E2FD80C9F0025C3A2 /* Frameworks */,
				55805F7F2FD80C9F0025C3A2 /* Resources */,
			);
			buildRules = (
			);
			dependencies = (
				55805F832FD80CA00025C3A2 /* PBXTargetDependency */,
			);
			name = BankingAppUITests;
			packageProductDependencies = (
			);
			productName = BankingAppUITests;
			productReference = 55805F812FD80C9F0025C3A2 /* BankingAppUITests.xctest */;
			productType = "com.apple.product-type.bundle.ui-testing";
		};
/* End PBXNativeTarget section */

/* Begin PBXProject section */
		55805F622FD80C9C0025C3A2 /* Project object */ = {
			isa = PBXProject;
			attributes = {
				BuildIndependentTargetsInParallel = 1;
				LastSwiftUpdateCheck = 1640;
				LastUpgradeCheck = 1640;
				TargetAttributes = {
					55805F692FD80C9C0025C3A2 = {
						CreatedOnToolsVersion = 16.4;
						LastSwiftMigration = 1640;
					};
					55805F762FD80C9F0025C3A2 = {
						CreatedOnToolsVersion = 16.4;
						TestTargetID = 55805F692FD80C9C0025C3A2;
					};
					55805F802FD80C9F0025C3A2 = {
						CreatedOnToolsVersion = 16.4;
						TestTargetID = 55805F692FD80C9C0025C3A2;
					};
				};
			};
			buildConfigurationList = 55805F652FD80C9C0025C3A2 /* Build configuration list for PBXProject "BankingApp" */;
			developmentRegion = en;
			hasScannedForEncodings = 0;
			knownRegions = (
				en,
				Base,
			);
			mainGroup = 55805F612FD80C9C0025C3A2;
			minimizedProjectReferenceProxies = 1;
			preferredProjectObjectVersion = 77;
			productRefGroup = 55805F6B2FD80C9C0025C3A2 /* Products */;
			projectDirPath = "";
			projectRoot = "";
			targets = (
				55805F692FD80C9C0025C3A2 /* BankingApp */,
				55805F762FD80C9F0025C3A2 /* BankingAppTests */,
				55805F802FD80C9F0025C3A2 /* BankingAppUITests */,
			);
		};
/* End PBXProject section */

/* Begin PBXResourcesBuildPhase section */
		55805F682FD80C9C0025C3A2 /* Resources */ = {
			isa = PBXResourcesBuildPhase;
			buildActionMask = 2147483647;
			files = (
				55A076F12FFBD60000BB0240 /* Testing.md in Resources */,
				55A076F22FFBD60000BB0240 /* ADR-004-TestingStrategy.md in Resources */,
				55A076F32FFBD60000BB0240 /* ADR-003-DependencyInjection.md in Resources */,
				55A076F42FFBD60000BB0240 /* FolderStructure.md in Resources */,
				55A076F52FFBD60000BB0240 /* ADR-001-Endpoint.md in Resources */,
				55A076F62FFBD60000BB0240 /* InterviewGuide.md in Resources */,
				55A076F72FFBD60000BB0240 /* Networking.md in Resources */,
				55A076F82FFBD60000BB0240 /* Architecture.md in Resources */,
				55A076F92FFBD60000BB0240 /* ADR-002-RequestBuilder.md in Resources */,
				55A076FA2FFBD60000BB0240 /* README.md in Resources */,
			);
			runOnlyForDeploymentPostprocessing = 0;
		};
		55805F752FD80C9F0025C3A2 /* Resources */ = {
			isa = PBXResourcesBuildPhase;
			buildActionMask = 2147483647;
			files = (
			);
			runOnlyForDeploymentPostprocessing = 0;
		};
		55805F7F2FD80C9F0025C3A2 /* Resources */ = {
			isa = PBXResourcesBuildPhase;
			buildActionMask = 2147483647;
			files = (
			);
			runOnlyForDeploymentPostprocessing = 0;
		};
/* End PBXResourcesBuildPhase section */

/* Begin PBXSourcesBuildPhase section */
		55805F662FD80C9C0025C3A2 /* Sources */ = {
			isa = PBXSourcesBuildPhase;
			buildActionMask = 2147483647;
			files = (
				554C05852FF51CA40023C4B0 /* ContentView.swift in Sources */,
			);
			runOnlyForDeploymentPostprocessing = 0;
		};
		55805F732FD80C9F0025C3A2 /* Sources */ = {
			isa = PBXSourcesBuildPhase;
			buildActionMask = 2147483647;
			files = (
			);
			runOnlyForDeploymentPostprocessing = 0;
		};
		55805F7D2FD80C9F0025C3A2 /* Sources */ = {
			isa = PBXSourcesBuildPhase;
			buildActionMask = 2147483647;
			files = (
			);
			runOnlyForDeploymentPostprocessing = 0;
		};
/* End PBXSourcesBuildPhase section */

/* Begin PBXTargetDependency section */
		55805F792FD80C9F0025C3A2 /* PBXTargetDependency */ = {
			isa = PBXTargetDependency;
			target = 55805F692FD80C9C0025C3A2 /* BankingApp */;
			targetProxy = 55805F782FD80C9F0025C3A2 /* PBXContainerItemProxy */;
		};
		55805F832FD80CA00025C3A2 /* PBXTargetDependency */ = {
			isa = PBXTargetDependency;
			target = 55805F692FD80C9C0025C3A2 /* BankingApp */;
			targetProxy = 55805F822FD80CA00025C3A2 /* PBXContainerItemProxy */;
		};
/* End PBXTargetDependency section */

/* Begin XCBuildConfiguration section */
		55805F892FD80CA00025C3A2 /* Debug */ = {
			isa = XCBuildConfiguration;
			buildSettings = {
				ALWAYS_SEARCH_USER_PATHS = NO;
				ASSETCATALOG_COMPILER_GENERATE_SWIFT_ASSET_SYMBOL_EXTENSIONS = YES;
				CLANG_ANALYZER_NONNULL = YES;
				CLANG_ANALYZER_NUMBER_OBJECT_CONVERSION = YES_AGGRESSIVE;
				CLANG_CXX_LANGUAGE_STANDARD = "gnu++20";
				CLANG_ENABLE_MODULES = YES;
				CLANG_ENABLE_OBJC_ARC = YES;
				CLANG_ENABLE_OBJC_WEAK = YES;
				CLANG_WARN_BLOCK_CAPTURE_AUTORELEASING = YES;
				CLANG_WARN_BOOL_CONVERSION = YES;
				CLANG_WARN_COMMA = YES;
				CLANG_WARN_CONSTANT_CONVERSION = YES;
				CLANG_WARN_DEPRECATED_OBJC_IMPLEMENTATIONS = YES;
				CLANG_WARN_DIRECT_OBJC_ISA_USAGE = YES_ERROR;
				CLANG_WARN_DOCUMENTATION_COMMENTS = YES;
				CLANG_WARN_EMPTY_BODY = YES;
				CLANG_WARN_ENUM_CONVERSION = YES;
				CLANG_WARN_INFINITE_RECURSION = YES;
				CLANG_WARN_INT_CONVERSION = YES;
				CLANG_WARN_NON_LITERAL_NULL_CONVERSION = YES;
				CLANG_WARN_OBJC_IMPLICIT_RETAIN_SELF = YES;
				CLANG_WARN_OBJC_LITERAL_CONVERSION = YES;
				CLANG_WARN_OBJC_ROOT_CLASS = YES_ERROR;
				CLANG_WARN_QUOTED_INCLUDE_IN_FRAMEWORK_HEADER = YES;
				CLANG_WARN_RANGE_LOOP_ANALYSIS = YES;
				CLANG_WARN_STRICT_PROTOTYPES = YES;
				CLANG_WARN_SUSPICIOUS_MOVE = YES;
				CLANG_WARN_UNGUARDED_AVAILABILITY = YES_AGGRESSIVE;
				CLANG_WARN_UNREACHABLE_CODE = YES;
				CLANG_WARN__DUPLICATE_METHOD_MATCH = YES;
				COPY_PHASE_STRIP = NO;
				DEBUG_INFORMATION_FORMAT = dwarf;
				DEVELOPMENT_TEAM = K3C3RJFAD7;
				ENABLE_STRICT_OBJC_MSGSEND = YES;
				ENABLE_TESTABILITY = YES;
				ENABLE_USER_SCRIPT_SANDBOXING = YES;
				GCC_C_LANGUAGE_STANDARD = gnu17;
				GCC_DYNAMIC_NO_PIC = NO;
				GCC_NO_COMMON_BLOCKS = YES;
				GCC_OPTIMIZATION_LEVEL = 0;
				GCC_PREPROCESSOR_DEFINITIONS = (
					"DEBUG=1",
					"$(inherited)",
				);
				GCC_WARN_64_TO_32_BIT_CONVERSION = YES;
				GCC_WARN_ABOUT_RETURN_TYPE = YES_ERROR;
				GCC_WARN_UNDECLARED_SELECTOR = YES;
				GCC_WARN_UNINITIALIZED_AUTOS = YES_AGGRESSIVE;
				GCC_WARN_UNUSED_FUNCTION = YES;
				GCC_WARN_UNUSED_VARIABLE = YES;
				IPHONEOS_DEPLOYMENT_TARGET = 18.5;
				LOCALIZATION_PREFERS_STRING_CATALOGS = YES;
				MTL_ENABLE_DEBUG_INFO = INCLUDE_SOURCE;
				MTL_FAST_MATH = YES;
				ONLY_ACTIVE_ARCH = YES;
				SDKROOT = iphoneos;
				SWIFT_ACTIVE_COMPILATION_CONDITIONS = "DEBUG $(inherited)";
				SWIFT_OPTIMIZATION_LEVEL = "-Onone";
			};
			name = Debug;
		};
		55805F8A2FD80CA00025C3A2 /* Release */ = {
			isa = XCBuildConfiguration;
			buildSettings = {
				ALWAYS_SEARCH_USER_PATHS = NO;
				ASSETCATALOG_COMPILER_GENERATE_SWIFT_ASSET_SYMBOL_EXTENSIONS = YES;
				CLANG_ANALYZER_NONNULL = YES;
				CLANG_ANALYZER_NUMBER_OBJECT_CONVERSION = YES_AGGRESSIVE;
				CLANG_CXX_LANGUAGE_STANDARD = "gnu++20";
				CLANG_ENABLE_MODULES = YES;
				CLANG_ENABLE_OBJC_ARC = YES;
				CLANG_ENABLE_OBJC_WEAK = YES;
				CLANG_WARN_BLOCK_CAPTURE_AUTORELEASING = YES;
				CLANG_WARN_BOOL_CONVERSION = YES;
				CLANG_WARN_COMMA = YES;
				CLANG_WARN_CONSTANT_CONVERSION = YES;
				CLANG_WARN_DEPRECATED_OBJC_IMPLEMENTATIONS = YES;
				CLANG_WARN_DIRECT_OBJC_ISA_USAGE = YES_ERROR;
				CLANG_WARN_DOCUMENTATION_COMMENTS = YES;
				CLANG_WARN_EMPTY_BODY = YES;
				CLANG_WARN_ENUM_CONVERSION = YES;
				CLANG_WARN_INFINITE_RECURSION = YES;
				CLANG_WARN_INT_CONVERSION = YES;
				CLANG_WARN_NON_LITERAL_NULL_CONVERSION = YES;
				CLANG_WARN_OBJC_IMPLICIT_RETAIN_SELF = YES;
				CLANG_WARN_OBJC_LITERAL_CONVERSION = YES;
				CLANG_WARN_OBJC_ROOT_CLASS = YES_ERROR;
				CLANG_WARN_QUOTED_INCLUDE_IN_FRAMEWORK_HEADER = YES;
				CLANG_WARN_RANGE_LOOP_ANALYSIS = YES;
				CLANG_WARN_STRICT_PROTOTYPES = YES;
				CLANG_WARN_SUSPICIOUS_MOVE = YES;
				CLANG_WARN_UNGUARDED_AVAILABILITY = YES_AGGRESSIVE;
				CLANG_WARN_UNREACHABLE_CODE = YES;
				CLANG_WARN__DUPLICATE_METHOD_MATCH = YES;
				COPY_PHASE_STRIP = NO;
				DEBUG_INFORMATION_FORMAT = "dwarf-with-dsym";
				DEVELOPMENT_TEAM = K3C3RJFAD7;
				ENABLE_NS_ASSERTIONS = NO;
				ENABLE_STRICT_OBJC_MSGSEND = YES;
				ENABLE_USER_SCRIPT_SANDBOXING = YES;
				GCC_C_LANGUAGE_STANDARD = gnu17;
				GCC_NO_COMMON_BLOCKS = YES;
				GCC_WARN_64_TO_32_BIT_CONVERSION = YES;
				GCC_WARN_ABOUT_RETURN_TYPE = YES_ERROR;
				GCC_WARN_UNDECLARED_SELECTOR = YES;
				GCC_WARN_UNINITIALIZED_AUTOS = YES_AGGRESSIVE;
				GCC_WARN_UNUSED_FUNCTION = YES;
				GCC_WARN_UNUSED_VARIABLE = YES;
				IPHONEOS_DEPLOYMENT_TARGET = 18.5;
				LOCALIZATION_PREFERS_STRING_CATALOGS = YES;
				MTL_ENABLE_DEBUG_INFO = NO;
				MTL_FAST_MATH = YES;
				SDKROOT = iphoneos;
				SWIFT_COMPILATION_MODE = wholemodule;
				VALIDATE_PRODUCT = YES;
			};
			name = Release;
		};
		55805F8C2FD80CA00025C3A2 /* Debug */ = {
			isa = XCBuildConfiguration;
			buildSettings = {
				ASSETCATALOG_COMPILER_APPICON_NAME = AppIcon;
				ASSETCATALOG_COMPILER_GLOBAL_ACCENT_COLOR_NAME = AccentColor;
				CLANG_ENABLE_MODULES = YES;
				CODE_SIGN_STYLE = Automatic;
				CURRENT_PROJECT_VERSION = 1;
				DEVELOPMENT_TEAM = K3C3RJFAD7;
				ENABLE_PREVIEWS = YES;
				GENERATE_INFOPLIST_FILE = YES;
				INFOPLIST_KEY_UIApplicationSceneManifest_Generation = YES;
				INFOPLIST_KEY_UIApplicationSupportsIndirectInputEvents = YES;
				INFOPLIST_KEY_UILaunchScreen_Generation = YES;
				INFOPLIST_KEY_UISupportedInterfaceOrientations_iPad = "UIInterfaceOrientationPortrait UIInterfaceOrientationPortraitUpsideDown UIInterfaceOrientationLandscapeLeft UIInterfaceOrientationLandscapeRight";
				INFOPLIST_KEY_UISupportedInterfaceOrientations_iPhone = "UIInterfaceOrientationPortrait UIInterfaceOrientationLandscapeLeft UIInterfaceOrientationLandscapeRight";
				IPHONEOS_DEPLOYMENT_TARGET = 17.0;
				LD_RUNPATH_SEARCH_PATHS = (
					"$(inherited)",
					"@executable_path/Frameworks",
				);
				MARKETING_VERSION = 1.0;
				PRODUCT_BUNDLE_IDENTIFIER = com.devayani.BankingApp;
				PRODUCT_NAME = "$(TARGET_NAME)";
				SWIFT_EMIT_LOC_STRINGS = YES;
				SWIFT_OPTIMIZATION_LEVEL = "-Onone";
				SWIFT_VERSION = 5.0;
				TARGETED_DEVICE_FAMILY = "1,2";
			};
			name = Debug;
		};
		55805F8D2FD80CA00025C3A2 /* Release */ = {
			isa = XCBuildConfiguration;
			buildSettings = {
				ASSETCATALOG_COMPILER_APPICON_NAME = AppIcon;
				ASSETCATALOG_COMPILER_GLOBAL_ACCENT_COLOR_NAME = AccentColor;
				CLANG_ENABLE_MODULES = YES;
				CODE_SIGN_STYLE = Automatic;
				CURRENT_PROJECT_VERSION = 1;
				DEVELOPMENT_TEAM = K3C3RJFAD7;
				ENABLE_PREVIEWS = YES;
				GENERATE_INFOPLIST_FILE = YES;
				INFOPLIST_KEY_UIApplicationSceneManifest_Generation = YES;
				INFOPLIST_KEY_UIApplicationSupportsIndirectInputEvents = YES;
				INFOPLIST_KEY_UILaunchScreen_Generation = YES;
				INFOPLIST_KEY_UISupportedInterfaceOrientations_iPad = "UIInterfaceOrientationPortrait UIInterfaceOrientationPortraitUpsideDown UIInterfaceOrientationLandscapeLeft UIInterfaceOrientationLandscapeRight";
				INFOPLIST_KEY_UISupportedInterfaceOrientations_iPhone = "UIInterfaceOrientationPortrait UIInterfaceOrientationLandscapeLeft UIInterfaceOrientationLandscapeRight";
				IPHONEOS_DEPLOYMENT_TARGET = 17.0;
				LD_RUNPATH_SEARCH_PATHS = (
					"$(inherited)",
					"@executable_path/Frameworks",
				);
				MARKETING_VERSION = 1.0;
				PRODUCT_BUNDLE_IDENTIFIER = com.devayani.BankingApp;
				PRODUCT_NAME = "$(TARGET_NAME)";
				SWIFT_EMIT_LOC_STRINGS = YES;
				SWIFT_VERSION = 5.0;
				TARGETED_DEVICE_FAMILY = "1,2";
			};
			name = Release;
		};
		55805F8F2FD80CA00025C3A2 /* Debug */ = {
			isa = XCBuildConfiguration;
			buildSettings = {
				BUNDLE_LOADER = "$(TEST_HOST)";
				CODE_SIGN_STYLE = Automatic;
				CURRENT_PROJECT_VERSION = 1;
				DEVELOPMENT_TEAM = K3C3RJFAD7;
				GENERATE_INFOPLIST_FILE = YES;
				IPHONEOS_DEPLOYMENT_TARGET = 18.5;
				MARKETING_VERSION = 1.0;
				PRODUCT_BUNDLE_IDENTIFIER = com.devayani.BankingAppTests;
				PRODUCT_NAME = "$(TARGET_NAME)";
				SWIFT_EMIT_LOC_STRINGS = NO;
				SWIFT_VERSION = 5.0;
				TARGETED_DEVICE_FAMILY = "1,2";
				TEST_HOST = "$(BUILT_PRODUCTS_DIR)/BankingApp.app/$(BUNDLE_EXECUTABLE_FOLDER_PATH)/BankingApp";
			};
			name = Debug;
		};
		55805F902FD80CA00025C3A2 /* Release */ = {
			isa = XCBuildConfiguration;
			buildSettings = {
				BUNDLE_LOADER = "$(TEST_HOST)";
				CODE_SIGN_STYLE = Automatic;
				CURRENT_PROJECT_VERSION = 1;
				DEVELOPMENT_TEAM = K3C3RJFAD7;
				GENERATE_INFOPLIST_FILE = YES;
				IPHONEOS_DEPLOYMENT_TARGET = 18.5;
				MARKETING_VERSION = 1.0;
				PRODUCT_BUNDLE_IDENTIFIER = com.devayani.BankingAppTests;
				PRODUCT_NAME = "$(TARGET_NAME)";
				SWIFT_EMIT_LOC_STRINGS = NO;
				SWIFT_VERSION = 5.0;
				TARGETED_DEVICE_FAMILY = "1,2";
				TEST_HOST = "$(BUILT_PRODUCTS_DIR)/BankingApp.app/$(BUNDLE_EXECUTABLE_FOLDER_PATH)/BankingApp";
			};
			name = Release;
		};
		55805F922FD80CA00025C3A2 /* Debug */ = {
			isa = XCBuildConfiguration;
			buildSettings = {
				CODE_SIGN_STYLE = Automatic;
				CURRENT_PROJECT_VERSION = 1;
				DEVELOPMENT_TEAM = K3C3RJFAD7;
				GENERATE_INFOPLIST_FILE = YES;
				MARKETING_VERSION = 1.0;
				PRODUCT_BUNDLE_IDENTIFIER = com.devayani.BankingAppUITests;
				PRODUCT_NAME = "$(TARGET_NAME)";
				SWIFT_EMIT_LOC_STRINGS = NO;
				SWIFT_VERSION = 5.0;
				TARGETED_DEVICE_FAMILY = "1,2";
				TEST_TARGET_NAME = BankingApp;
			};
			name = Debug;
		};
		55805F932FD80CA00025C3A2 /* Release */ = {
			isa = XCBuildConfiguration;
			buildSettings = {
				CODE_SIGN_STYLE = Automatic;
				CURRENT_PROJECT_VERSION = 1;
				DEVELOPMENT_TEAM = K3C3RJFAD7;
				GENERATE_INFOPLIST_FILE = YES;
				MARKETING_VERSION = 1.0;
				PRODUCT_BUNDLE_IDENTIFIER = com.devayani.BankingAppUITests;
				PRODUCT_NAME = "$(TARGET_NAME)";
				SWIFT_EMIT_LOC_STRINGS = NO;
				SWIFT_VERSION = 5.0;
				TARGETED_DEVICE_FAMILY = "1,2";
				TEST_TARGET_NAME = BankingApp;
			};
			name = Release;
		};
/* End XCBuildConfiguration section */

/* Begin XCConfigurationList section */
		55805F652FD80C9C0025C3A2 /* Build configuration list for PBXProject "BankingApp" */ = {
			isa = XCConfigurationList;
			buildConfigurations = (
				55805F892FD80CA00025C3A2 /* Debug */,
				55805F8A2FD80CA00025C3A2 /* Release */,
			);
			defaultConfigurationIsVisible = 0;
			defaultConfigurationName = Release;
		};
		55805F8B2FD80CA00025C3A2 /* Build configuration list for PBXNativeTarget "BankingApp" */ = {
			isa = XCConfigurationList;
			buildConfigurations = (
				55805F8C2FD80CA00025C3A2 /* Debug */,
				55805F8D2FD80CA00025C3A2 /* Release */,
			);
			defaultConfigurationIsVisible = 0;
			defaultConfigurationName = Release;
		};
		55805F8E2FD80CA00025C3A2 /* Build configuration list for PBXNativeTarget "BankingAppTests" */ = {
			isa = XCConfigurationList;
			buildConfigurations = (
				55805F8F2FD80CA00025C3A2 /* Debug */,
				55805F902FD80CA00025C3A2 /* Release */,
			);
			defaultConfigurationIsVisible = 0;
			defaultConfigurationName = Release;
		};
		55805F912FD80CA00025C3A2 /* Build configuration list for PBXNativeTarget "BankingAppUITests" */ = {
			isa = XCConfigurationList;
			buildConfigurations = (
				55805F922FD80CA00025C3A2 /* Debug */,
				55805F932FD80CA00025C3A2 /* Release */,
			);
			defaultConfigurationIsVisible = 0;
			defaultConfigurationName = Release;
		};
/* End XCConfigurationList section */
	};
	rootObject = 55805F622FD80C9C0025C3A2 /* Project object */;
}
